{
  "pins" : [
    {
      "identity" : "clapack",
      "kind" : "remoteSourceControl",
      "location" : "git@github.com:GoodNotes/CLAPACK.git",
      "state" : {
        "branch" : "eigen-support",
        "revision" : "a9c8a67890a31af54ed55536b5dd606d6de609a9"
      }
    },
    {
      "identity" : "swift-collections",
      "kind" : "remoteSourceControl",
      "location" : "https://github.com/apple/swift-collections",
      "state" : {
        "revision" : "48254824bb4248676bf7ce56014ff57b142b77eb",
        "version" : "1.0.2"
      }
    }
  ],
  "version" : 2
}
