// !$*UTF8*$!
{
	archiveVersion = 1;
	classes = {
	};
	objectVersion = 50;
	objects = {

/* Begin PBXBuildFile section */
		D6804046238E3CAB00F5A6BF /* AppDelegate.swift in Sources */ = {isa = PBXBuildFile; fileRef = D6804045238E3CAB00F5A6BF /* AppDelegate.swift */; };
		D6804048238E3CAB00F5A6BF /* ViewController.swift in Sources */ = {isa = PBXBuildFile; fileRef = D6804047238E3CAB00F5A6BF /* ViewController.swift */; };
		D680404D238E3CAC00F5A6BF /* Assets.xcassets in Resources */ = {isa = PBXBuildFile; fileRef = D680404C238E3CAC00F5A6BF /* Assets.xcassets */; };
		D680405B238E3CAC00F5A6BF /* MatftSampleTests.swift in Sources */ = {isa = PBXBuildFile; fileRef = D680405A238E3CAC00F5A6BF /* MatftSampleTests.swift */; };
		D6804066238E3CAC00F5A6BF /* MatftSampleUITests.swift in Sources */ = {isa = PBXBuildFile; fileRef = D6804065238E3CAC00F5A6BF /* MatftSampleUITests.swift */; };
		D6804075238E3CEC00F5A6BF /* Matft.framework in Frameworks */ = {isa = PBXBuildFile; fileRef = D6804074238E3CEC00F5A6BF /* Matft.framework */; };
		D6804077238E3D2F00F5A6BF /* MainView.swift in Sources */ = {isa = PBXBuildFile; fileRef = D6804076238E3D2F00F5A6BF /* MainView.swift */; };
/* End PBXBuildFile section */

/* Begin PBXContainerItemProxy section */
		D6804057238E3CAC00F5A6BF /* PBXContainerItemProxy */ = {
			isa = PBXContainerItemProxy;
			containerPortal = D680403A238E3CAB00F5A6BF /* Project object */;
			proxyType = 1;
			remoteGlobalIDString = D6804041238E3CAB00F5A6BF;
			remoteInfo = MatftSample;
		};
		D6804062238E3CAC00F5A6BF /* PBXContainerItemProxy */ = {
			isa = PBXContainerItemProxy;
			containerPortal = D680403A238E3CAB00F5A6BF /* Project object */;
			proxyType = 1;
			remoteGlobalIDString = D6804041238E3CAB00F5A6BF;
			remoteInfo = MatftSample;
		};
/* End PBXContainerItemProxy section */

/* Begin PBXFileReference section */
		D6804042238E3CAB00F5A6BF /* MatftSample.app */ = {isa = PBXFileReference; explicitFileType = wrapper.application; includeInIndex = 0; path = MatftSample.app; sourceTree = BUILT_PRODUCTS_DIR; };
		D6804045238E3CAB00F5A6BF /* AppDelegate.swift */ = {isa = PBXFileReference; lastKnownFileType = sourcecode.swift; path = AppDelegate.swift; sourceTree = "<group>"; };
		D6804047238E3CAB00F5A6BF /* ViewController.swift */ = {isa = PBXFileReference; lastKnownFileType = sourcecode.swift; path = ViewController.swift; sourceTree = "<group>"; };
		D680404C238E3CAC00F5A6BF /* Assets.xcassets */ = {isa = PBXFileReference; lastKnownFileType = folder.assetcatalog; path = Assets.xcassets; sourceTree = "<group>"; };
		D6804051238E3CAC00F5A6BF /* Info.plist */ = {isa = PBXFileReference; lastKnownFileType = text.plist.xml; path = Info.plist; sourceTree = "<group>"; };
		D6804056238E3CAC00F5A6BF /* MatftSampleTests.xctest */ = {isa = PBXFileReference; explicitFileType = wrapper.cfbundle; includeInIndex = 0; path = MatftSampleTests.xctest; sourceTree = BUILT_PRODUCTS_DIR; };
		D680405A238E3CAC00F5A6BF /* MatftSampleTests.swift */ = {isa = PBXFileReference; lastKnownFileType = sourcecode.swift; path = MatftSampleTests.swift; sourceTree = "<group>"; };
		D680405C238E3CAC00F5A6BF /* Info.plist */ = {isa = PBXFileReference; lastKnownFileType = text.plist.xml; path = Info.plist; sourceTree = "<group>"; };
		D6804061238E3CAC00F5A6BF /* MatftSampleUITests.xctest */ = {isa = PBXFileReference; explicitFileType = wrapper.cfbundle; includeInIndex = 0; path = MatftSampleUITests.xctest; sourceTree = BUILT_PRODUCTS_DIR; };
		D6804065238E3CAC00F5A6BF /* MatftSampleUITests.swift */ = {isa = PBXFileReference; lastKnownFileType = sourcecode.swift; path = MatftSampleUITests.swift; sourceTree = "<group>"; };
		D6804067238E3CAC00F5A6BF /* Info.plist */ = {isa = PBXFileReference; lastKnownFileType = text.plist.xml; path = Info.plist; sourceTree = "<group>"; };
		D6804074238E3CEC00F5A6BF /* Matft.framework */ = {isa = PBXFileReference; explicitFileType = wrapper.framework; path = Matft.framework; sourceTree = BUILT_PRODUCTS_DIR; };
		D6804076238E3D2F00F5A6BF /* MainView.swift */ = {isa = PBXFileReference; lastKnownFileType = sourcecode.swift; path = MainView.swift; sourceTree = "<group>"; };
/* End PBXFileReference section */

/* Begin PBXFrameworksBuildPhase section */
		D680403F238E3CAB00F5A6BF /* Frameworks */ = {
			isa = PBXFrameworksBuildPhase;
			buildActionMask = 2147483647;
			files = (
				D6804075238E3CEC00F5A6BF /* Matft.framework in Frameworks */,
			);
			runOnlyForDeploymentPostprocessing = 0;
		};
		D6804053238E3CAC00F5A6BF /* Frameworks */ = {
			isa = PBXFrameworksBuildPhase;
			buildActionMask = 2147483647;
			files = (
			);
			runOnlyForDeploymentPostprocessing = 0;
		};
		D680405E238E3CAC00F5A6BF /* Frameworks */ = {
			isa = PBXFrameworksBuildPhase;
			buildActionMask = 2147483647;
			files = (
			);
			runOnlyForDeploymentPostprocessing = 0;
		};
/* End PBXFrameworksBuildPhase section */

/* Begin PBXGroup section */
		D6804039238E3CAB00F5A6BF = {
			isa = PBXGroup;
			children = (
				D6804044238E3CAB00F5A6BF /* MatftSample */,
				D6804059238E3CAC00F5A6BF /* MatftSampleTests */,
				D6804064238E3CAC00F5A6BF /* MatftSampleUITests */,
				D6804043238E3CAB00F5A6BF /* Products */,
				D6804073238E3CEC00F5A6BF /* Frameworks */,
			);
			sourceTree = "<group>";
		};
		D6804043238E3CAB00F5A6BF /* Products */ = {
			isa = PBXGroup;
			children = (
				D6804042238E3CAB00F5A6BF /* MatftSample.app */,
				D6804056238E3CAC00F5A6BF /* MatftSampleTests.xctest */,
				D6804061238E3CAC00F5A6BF /* MatftSampleUITests.xctest */,
			);
			name = Products;
			sourceTree = "<group>";
		};
		D6804044238E3CAB00F5A6BF /* MatftSample */ = {
			isa = PBXGroup;
			children = (
				D6804045238E3CAB00F5A6BF /* AppDelegate.swift */,
				D6804047238E3CAB00F5A6BF /* ViewController.swift */,
				D6804076238E3D2F00F5A6BF /* MainView.swift */,
				D680404C238E3CAC00F5A6BF /* Assets.xcassets */,
				D6804051238E3CAC00F5A6BF /* Info.plist */,
			);
			path = MatftSample;
			sourceTree = "<group>";
		};
		D6804059238E3CAC00F5A6BF /* MatftSampleTests */ = {
			isa = PBXGroup;
			children = (
				D680405A238E3CAC00F5A6BF /* MatftSampleTests.swift */,
				D680405C238E3CAC00F5A6BF /* Info.plist */,
			);
			path = MatftSampleTests;
			sourceTree = "<group>";
		};
		D6804064238E3CAC00F5A6BF /* MatftSampleUITests */ = {
			isa = PBXGroup;
			children = (
				D6804065238E3CAC00F5A6BF /* MatftSampleUITests.swift */,
				D6804067238E3CAC00F5A6BF /* Info.plist */,
			);
			path = MatftSampleUITests;
			sourceTree = "<group>";
		};
		D6804073238E3CEC00F5A6BF /* Frameworks */ = {
			isa = PBXGroup;
			children = (
				D6804074238E3CEC00F5A6BF /* Matft.framework */,
			);
			name = Frameworks;
			sourceTree = "<group>";
		};
/* End PBXGroup section */

/* Begin PBXNativeTarget section */
		D6804041238E3CAB00F5A6BF /* MatftSample */ = {
			isa = PBXNativeTarget;
			buildConfigurationList = D680406A238E3CAC00F5A6BF /* Build configuration list for PBXNativeTarget "MatftSample" */;
			buildPhases = (
				D680403E238E3CAB00F5A6BF /* Sources */,
				D680403F238E3CAB00F5A6BF /* Frameworks */,
				D6804040238E3CAB00F5A6BF /* Resources */,
			);
			buildRules = (
			);
			dependencies = (
			);
			name = MatftSample;
			productName = MatftSample;
			productReference = D6804042238E3CAB00F5A6BF /* MatftSample.app */;
			productType = "com.apple.product-type.application";
		};
		D6804055238E3CAC00F5A6BF /* MatftSampleTests */ = {
			isa = PBXNativeTarget;
			buildConfigurationList = D680406D238E3CAC00F5A6BF /* Build configuration list for PBXNativeTarget "MatftSampleTests" */;
			buildPhases = (
				D6804052238E3CAC00F5A6BF /* Sources */,
				D6804053238E3CAC00F5A6BF /* Frameworks */,
				D6804054238E3CAC00F5A6BF /* Resources */,
			);
			buildRules = (
			);
			dependencies = (
				D6804058238E3CAC00F5A6BF /* PBXTargetDependency */,
			);
			name = MatftSampleTests;
			productName = MatftSampleTests;
			productReference = D6804056238E3CAC00F5A6BF /* MatftSampleTests.xctest */;
			productType = "com.apple.product-type.bundle.unit-test";
		};
		D6804060238E3CAC00F5A6BF /* MatftSampleUITests */ = {
			isa = PBXNativeTarget;
			buildConfigurationList = D6804070238E3CAC00F5A6BF /* Build configuration list for PBXNativeTarget "MatftSampleUITests" */;
			buildPhases = (
				D680405D238E3CAC00F5A6BF /* Sources */,
				D680405E238E3CAC00F5A6BF /* Frameworks */,
				D680405F238E3CAC00F5A6BF /* Resources */,
			);
			buildRules = (
			);
			dependencies = (
				D6804063238E3CAC00F5A6BF /* PBXTargetDependency */,
			);
			name = MatftSampleUITests;
			productName = MatftSampleUITests;
			productReference = D6804061238E3CAC00F5A6BF /* MatftSampleUITests.xctest */;
			productType = "com.apple.product-type.bundle.ui-testing";
		};
/* End PBXNativeTarget section */

/* Begin PBXProject section */
		D680403A238E3CAB00F5A6BF /* Project object */ = {
			isa = PBXProject;
			attributes = {
				LastSwiftUpdateCheck = 1030;
				LastUpgradeCheck = 1030;
				ORGANIZATIONNAME = jkado;
				TargetAttributes = {
					D6804041238E3CAB00F5A6BF = {
						CreatedOnToolsVersion = 10.3;
					};
					D6804055238E3CAC00F5A6BF = {
						CreatedOnToolsVersion = 10.3;
						TestTargetID = D6804041238E3CAB00F5A6BF;
					};
					D6804060238E3CAC00F5A6BF = {
						CreatedOnToolsVersion = 10.3;
						TestTargetID = D6804041238E3CAB00F5A6BF;
					};
				};
			};
			buildConfigurationList = D680403D238E3CAB00F5A6BF /* Build configuration list for PBXProject "MatftSample" */;
			compatibilityVersion = "Xcode 9.3";
			developmentRegion = en;
			hasScannedForEncodings = 0;
			knownRegions = (
				en,
				Base,
			);
			mainGroup = D6804039238E3CAB00F5A6BF;
			productRefGroup = D6804043238E3CAB00F5A6BF /* Products */;
			projectDirPath = "";
			projectRoot = "";
			targets = (
				D6804041238E3CAB00F5A6BF /* MatftSample */,
				D6804055238E3CAC00F5A6BF /* MatftSampleTests */,
				D6804060238E3CAC00F5A6BF /* MatftSampleUITests */,
			);
		};
/* End PBXProject section */

/* Begin PBXResourcesBuildPhase section */
		D6804040238E3CAB00F5A6BF /* Resources */ = {
			isa = PBXResourcesBuildPhase;
			buildActionMask = 2147483647;
			files = (
				D680404D238E3CAC00F5A6BF /* Assets.xcassets in Resources */,
			);
			runOnlyForDeploymentPostprocessing = 0;
		};
		D6804054238E3CAC00F5A6BF /* Resources */ = {
			isa = PBXResourcesBuildPhase;
			buildActionMask = 2147483647;
			files = (
			);
			runOnlyForDeploymentPostprocessing = 0;
		};
		D680405F238E3CAC00F5A6BF /* Resources */ = {
			isa = PBXResourcesBuildPhase;
			buildActionMask = 2147483647;
			files = (
			);
			runOnlyForDeploymentPostprocessing = 0;
		};
/* End PBXResourcesBuildPhase section */

/* Begin PBXSourcesBuildPhase section */
		D680403E238E3CAB00F5A6BF /* Sources */ = {
			isa = PBXSourcesBuildPhase;
			buildActionMask = 2147483647;
			files = (
				D6804048238E3CAB00F5A6BF /* ViewController.swift in Sources */,
				D6804077238E3D2F00F5A6BF /* MainView.swift in Sources */,
				D6804046238E3CAB00F5A6BF /* AppDelegate.swift in Sources */,
			);
			runOnlyForDeploymentPostprocessing = 0;
		};
		D6804052238E3CAC00F5A6BF /* Sources */ = {
			isa = PBXSourcesBuildPhase;
			buildActionMask = 2147483647;
			files = (
				D680405B238E3CAC00F5A6BF /* MatftSampleTests.swift in Sources */,
			);
			runOnlyForDeploymentPostprocessing = 0;
		};
		D680405D238E3CAC00F5A6BF /* Sources */ = {
			isa = PBXSourcesBuildPhase;
			buildActionMask = 2147483647;
			files = (
				D6804066238E3CAC00F5A6BF /* MatftSampleUITests.swift in Sources */,
			);
			runOnlyForDeploymentPostprocessing = 0;
		};
/* End PBXSourcesBuildPhase section */

/* Begin PBXTargetDependency section */
		D6804058238E3CAC00F5A6BF /* PBXTargetDependency */ = {
			isa = PBXTargetDependency;
			target = D6804041238E3CAB00F5A6BF /* MatftSample */;
			targetProxy = D6804057238E3CAC00F5A6BF /* PBXContainerItemProxy */;
		};
		D6804063238E3CAC00F5A6BF /* PBXTargetDependency */ = {
			isa = PBXTargetDependency;
			target = D6804041238E3CAB00F5A6BF /* MatftSample */;
			targetProxy = D6804062238E3CAC00F5A6BF /* PBXContainerItemProxy */;
		};
/* End PBXTargetDependency section */

/* Begin XCBuildConfiguration section */
		D6804068238E3CAC00F5A6BF /* Debug */ = {
			isa = XCBuildConfiguration;
			buildSettings = {
				ALWAYS_SEARCH_USER_PATHS = NO;
				CLANG_ANALYZER_NONNULL = YES;
				CLANG_ANALYZER_NUMBER_OBJECT_CONVERSION = YES_AGGRESSIVE;
				CLANG_CXX_LANGUAGE_STANDARD = "gnu++14";
				CLANG_CXX_LIBRARY = "libc++";
				CLANG_ENABLE_MODULES = YES;
				CLANG_ENABLE_OBJC_ARC = YES;
				CLANG_ENABLE_OBJC_WEAK = YES;
				CLANG_WARN_BLOCK_CAPTURE_AUTORELEASING = YES;
				CLANG_WARN_BOOL_CONVERSION = YES;
				CLANG_WARN_COMMA = YES;
				CLANG_WARN_CONSTANT_CONVERSION = YES;
				CLANG_WARN_DEPRECATED_OBJC_IMPLEMENTATIONS = YES;
				CLANG_WARN_DIRECT_OBJC_ISA_USAGE = YES_ERROR;
				CLANG_WARN_DOCUMENTATION_COMMENTS = YES;
				CLANG_WARN_EMPTY_BODY = YES;
				CLANG_WARN_ENUM_CONVERSION = YES;
				CLANG_WARN_INFINITE_RECURSION = YES;
				CLANG_WARN_INT_CONVERSION = YES;
				CLANG_WARN_NON_LITERAL_NULL_CONVERSION = YES;
				CLANG_WARN_OBJC_IMPLICIT_RETAIN_SELF = YES;
				CLANG_WARN_OBJC_LITERAL_CONVERSION = YES;
				CLANG_WARN_OBJC_ROOT_CLASS = YES_ERROR;
				CLANG_WARN_RANGE_LOOP_ANALYSIS = YES;
				CLANG_WARN_STRICT_PROTOTYPES = YES;
				CLANG_WARN_SUSPICIOUS_MOVE = YES;
				CLANG_WARN_UNGUARDED_AVAILABILITY = YES_AGGRESSIVE;
				CLANG_WARN_UNREACHABLE_CODE = YES;
				CLANG_WARN__DUPLICATE_METHOD_MATCH = YES;
				CODE_SIGN_IDENTITY = "iPhone Developer";
				COPY_PHASE_STRIP = NO;
				DEBUG_INFORMATION_FORMAT = dwarf;
				ENABLE_STRICT_OBJC_MSGSEND = YES;
				ENABLE_TESTABILITY = YES;
				GCC_C_LANGUAGE_STANDARD = gnu11;
				GCC_DYNAMIC_NO_PIC = NO;
				GCC_NO_COMMON_BLOCKS = YES;
				GCC_OPTIMIZATION_LEVEL = 0;
				GCC_PREPROCESSOR_DEFINITIONS = (
					"DEBUG=1",
					"$(inherited)",
				);
				GCC_WARN_64_TO_32_BIT_CONVERSION = YES;
				GCC_WARN_ABOUT_RETURN_TYPE = YES_ERROR;
				GCC_WARN_UNDECLARED_SELECTOR = YES;
				GCC_WARN_UNINITIALIZED_AUTOS = YES_AGGRESSIVE;
				GCC_WARN_UNUSED_FUNCTION = YES;
				GCC_WARN_UNUSED_VARIABLE = YES;
				IPHONEOS_DEPLOYMENT_TARGET = 9.0;
				MTL_ENABLE_DEBUG_INFO = INCLUDE_SOURCE;
				MTL_FAST_MATH = YES;
				ONLY_ACTIVE_ARCH = YES;
				SDKROOT = iphoneos;
				SWIFT_ACTIVE_COMPILATION_CONDITIONS = DEBUG;
				SWIFT_OPTIMIZATION_LEVEL = "-Onone";
			};
			name = Debug;
		};
		D6804069238E3CAC00F5A6BF /* Release */ = {
			isa = XCBuildConfiguration;
			buildSettings = {
				ALWAYS_SEARCH_USER_PATHS = NO;
				CLANG_ANALYZER_NONNULL = YES;
				CLANG_ANALYZER_NUMBER_OBJECT_CONVERSION = YES_AGGRESSIVE;
				CLANG_CXX_LANGUAGE_STANDARD = "gnu++14";
				CLANG_CXX_LIBRARY = "libc++";
				CLANG_ENABLE_MODULES = YES;
				CLANG_ENABLE_OBJC_ARC = YES;
				CLANG_ENABLE_OBJC_WEAK = YES;
				CLANG_WARN_BLOCK_CAPTURE_AUTORELEASING = YES;
				CLANG_WARN_BOOL_CONVERSION = YES;
				CLANG_WARN_COMMA = YES;
				CLANG_WARN_CONSTANT_CONVERSION = YES;
				CLANG_WARN_DEPRECATED_OBJC_IMPLEMENTATIONS = YES;
				CLANG_WARN_DIRECT_OBJC_ISA_USAGE = YES_ERROR;
				CLANG_WARN_DOCUMENTATION_COMMENTS = YES;
				CLANG_WARN_EMPTY_BODY = YES;
				CLANG_WARN_ENUM_CONVERSION = YES;
				CLANG_WARN_INFINITE_RECURSION = YES;
				CLANG_WARN_INT_CONVERSION = YES;
				CLANG_WARN_NON_LITERAL_NULL_CONVERSION = YES;
				CLANG_WARN_OBJC_IMPLICIT_RETAIN_SELF = YES;
				CLANG_WARN_OBJC_LITERAL_CONVERSION = YES;
				CLANG_WARN_OBJC_ROOT_CLASS = YES_ERROR;
				CLANG_WARN_RANGE_LOOP_ANALYSIS = YES;
				CLANG_WARN_STRICT_PROTOTYPES = YES;
				CLANG_WARN_SUSPICIOUS_MOVE = YES;
				CLANG_WARN_UNGUARDED_AVAILABILITY = YES_AGGRESSIVE;
				CLANG_WARN_UNREACHABLE_CODE = YES;
				CLANG_WARN__DUPLICATE_METHOD_MATCH = YES;
				CODE_SIGN_IDENTITY = "iPhone Developer";
				COPY_PHASE_STRIP = NO;
				DEBUG_INFORMATION_FORMAT = "dwarf-with-dsym";
				ENABLE_NS_ASSERTIONS = NO;
				ENABLE_STRICT_OBJC_MSGSEND = YES;
				GCC_C_LANGUAGE_STANDARD = gnu11;
				GCC_NO_COMMON_BLOCKS = YES;
				GCC_WARN_64_TO_32_BIT_CONVERSION = YES;
				GCC_WARN_ABOUT_RETURN_TYPE = YES_ERROR;
				GCC_WARN_UNDECLARED_SELECTOR = YES;
				GCC_WARN_UNINITIALIZED_AUTOS = YES_AGGRESSIVE;
				GCC_WARN_UNUSED_FUNCTION = YES;
				GCC_WARN_UNUSED_VARIABLE = YES;
				IPHONEOS_DEPLOYMENT_TARGET = 9.0;
				MTL_ENABLE_DEBUG_INFO = NO;
				MTL_FAST_MATH = YES;
				SDKROOT = iphoneos;
				SWIFT_COMPILATION_MODE = wholemodule;
				SWIFT_OPTIMIZATION_LEVEL = "-O";
				VALIDATE_PRODUCT = YES;
			};
			name = Release;
		};
		D680406B238E3CAC00F5A6BF /* Debug */ = {
			isa = XCBuildConfiguration;
			buildSettings = {
				ASSETCATALOG_COMPILER_APPICON_NAME = AppIcon;
				CODE_SIGN_STYLE = Automatic;
				DEVELOPMENT_TEAM = WL6N7MD8S7;
				INFOPLIST_FILE = MatftSample/Info.plist;
				LD_RUNPATH_SEARCH_PATHS = (
					"$(inherited)",
					"@executable_path/Frameworks",
				);
				PRODUCT_BUNDLE_IDENTIFIER = com.jkado.MatftSample;
				PRODUCT_NAME = "$(TARGET_NAME)";
				SWIFT_VERSION = 5.0;
				TARGETED_DEVICE_FAMILY = "1,2";
			};
			name = Debug;
		};
		D680406C238E3CAC00F5A6BF /* Release */ = {
			isa = XCBuildConfiguration;
			buildSettings = {
				ASSETCATALOG_COMPILER_APPICON_NAME = AppIcon;
				CODE_SIGN_STYLE = Automatic;
				DEVELOPMENT_TEAM = WL6N7MD8S7;
				INFOPLIST_FILE = MatftSample/Info.plist;
				LD_RUNPATH_SEARCH_PATHS = (
					"$(inherited)",
					"@executable_path/Frameworks",
				);
				PRODUCT_BUNDLE_IDENTIFIER = com.jkado.MatftSample;
				PRODUCT_NAME = "$(TARGET_NAME)";
				SWIFT_VERSION = 5.0;
				TARGETED_DEVICE_FAMILY = "1,2";
			};
			name = Release;
		};
		D680406E238E3CAC00F5A6BF /* Debug */ = {
			isa = XCBuildConfiguration;
			buildSettings = {
				ALWAYS_EMBED_SWIFT_STANDARD_LIBRARIES = YES;
				BUNDLE_LOADER = "$(TEST_HOST)";
				CODE_SIGN_STYLE = Automatic;
				DEVELOPMENT_TEAM = WL6N7MD8S7;
				INFOPLIST_FILE = MatftSampleTests/Info.plist;
				LD_RUNPATH_SEARCH_PATHS = (
					"$(inherited)",
					"@executable_path/Frameworks",
					"@loader_path/Frameworks",
				);
				PRODUCT_BUNDLE_IDENTIFIER = com.jkado.MatftSampleTests;
				PRODUCT_NAME = "$(TARGET_NAME)";
				SWIFT_VERSION = 5.0;
				TARGETED_DEVICE_FAMILY = "1,2";
				TEST_HOST = "$(BUILT_PRODUCTS_DIR)/MatftSample.app/MatftSample";
			};
			name = Debug;
		};
		D680406F238E3CAC00F5A6BF /* Release */ = {
			isa = XCBuildConfiguration;
			buildSettings = {
				ALWAYS_EMBED_SWIFT_STANDARD_LIBRARIES = YES;
				BUNDLE_LOADER = "$(TEST_HOST)";
				CODE_SIGN_STYLE = Automatic;
				DEVELOPMENT_TEAM = WL6N7MD8S7;
				INFOPLIST_FILE = MatftSampleTests/Info.plist;
				LD_RUNPATH_SEARCH_PATHS = (
					"$(inherited)",
					"@executable_path/Frameworks",
					"@loader_path/Frameworks",
				);
				PRODUCT_BUNDLE_IDENTIFIER = com.jkado.MatftSampleTests;
				PRODUCT_NAME = "$(TARGET_NAME)";
				SWIFT_VERSION = 5.0;
				TARGETED_DEVICE_FAMILY = "1,2";
				TEST_HOST = "$(BUILT_PRODUCTS_DIR)/MatftSample.app/MatftSample";
			};
			name = Release;
		};
		D6804071238E3CAC00F5A6BF /* Debug */ = {
			isa = XCBuildConfiguration;
			buildSettings = {
				ALWAYS_EMBED_SWIFT_STANDARD_LIBRARIES = YES;
				CODE_SIGN_STYLE = Automatic;
				DEVELOPMENT_TEAM = WL6N7MD8S7;
				INFOPLIST_FILE = MatftSampleUITests/Info.plist;
				LD_RUNPATH_SEARCH_PATHS = (
					"$(inherited)",
					"@executable_path/Frameworks",
					"@loader_path/Frameworks",
				);
				PRODUCT_BUNDLE_IDENTIFIER = com.jkado.MatftSampleUITests;
				PRODUCT_NAME = "$(TARGET_NAME)";
				SWIFT_VERSION = 5.0;
				TARGETED_DEVICE_FAMILY = "1,2";
				TEST_TARGET_NAME = MatftSample;
			};
			name = Debug;
		};
		D6804072238E3CAC00F5A6BF /* Release */ = {
			isa = XCBuildConfiguration;
			buildSettings = {
				ALWAYS_EMBED_SWIFT_STANDARD_LIBRARIES = YES;
				CODE_SIGN_STYLE = Automatic;
				DEVELOPMENT_TEAM = WL6N7MD8S7;
				INFOPLIST_FILE = MatftSampleUITests/Info.plist;
				LD_RUNPATH_SEARCH_PATHS = (
					"$(inherited)",
					"@executable_path/Frameworks",
					"@loader_path/Frameworks",
				);
				PRODUCT_BUNDLE_IDENTIFIER = com.jkado.MatftSampleUITests;
				PRODUCT_NAME = "$(TARGET_NAME)";
				SWIFT_VERSION = 5.0;
				TARGETED_DEVICE_FAMILY = "1,2";
				TEST_TARGET_NAME = MatftSample;
			};
			name = Release;
		};
/* End XCBuildConfiguration section */

/* Begin XCConfigurationList section */
		D680403D238E3CAB00F5A6BF /* Build configuration list for PBXProject "MatftSample" */ = {
			isa = XCConfigurationList;
			buildConfigurations = (
				D6804068238E3CAC00F5A6BF /* Debug */,
				D6804069238E3CAC00F5A6BF /* Release */,
			);
			defaultConfigurationIsVisible = 0;
			defaultConfigurationName = Release;
		};
		D680406A238E3CAC00F5A6BF /* Build configuration list for PBXNativeTarget "MatftSample" */ = {
			isa = XCConfigurationList;
			buildConfigurations = (
				D680406B238E3CAC00F5A6BF /* Debug */,
				D680406C238E3CAC00F5A6BF /* Release */,
			);
			defaultConfigurationIsVisible = 0;
			defaultConfigurationName = Release;
		};
		D680406D238E3CAC00F5A6BF /* Build configuration list for PBXNativeTarget "MatftSampleTests" */ = {
			isa = XCConfigurationList;
			buildConfigurations = (
				D680406E238E3CAC00F5A6BF /* Debug */,
				D680406F238E3CAC00F5A6BF /* Release */,
			);
			defaultConfigurationIsVisible = 0;
			defaultConfigurationName = Release;
		};
		D6804070238E3CAC00F5A6BF /* Build configuration list for PBXNativeTarget "MatftSampleUITests" */ = {
			isa = XCConfigurationList;
			buildConfigurations = (
				D6804071238E3CAC00F5A6BF /* Debug */,
				D6804072238E3CAC00F5A6BF /* Release */,
			);
			defaultConfigurationIsVisible = 0;
			defaultConfigurationName = Release;
		};
/* End XCConfigurationList section */
	};
	rootObject = D680403A238E3CAB00F5A6BF /* Project object */;
}
