// !$*UTF8*$!
{
	archiveVersion = 1;
	classes = {
	};
	objectVersion = 50;
	objects = {

/* Begin PBXAggregateTarget section */
		D664259B2366DFBA0025F276 /* MatftBinary */ = {
			isa = PBXAggregateTarget;
			buildConfigurationList = D664259C2366DFBA0025F276 /* Build configuration list for PBXAggregateTarget "MatftBinary" */;
			buildPhases = (
				D664259F2366DFD00025F276 /* ShellScript */,
				D66425A02366DFFA0025F276 /* ShellScript */,
			);
			dependencies = (
			);
			name = MatftBinary;
			productName = MatftBinary;
		};
/* End PBXAggregateTarget section */

/* Begin PBXBuildFile section */
		D664258E2366DF370025F276 /* MatftTests.swift in Sources */ = {isa = PBXBuildFile; fileRef = D664258D2366DF370025F276 /* MatftTests.swift */; };
		D66425902366DF370025F276 /* Matft.h in Headers */ = {isa = PBXBuildFile; fileRef = D66425822366DF370025F276 /* Matft.h */; settings = {ATTRIBUTES = (Public, ); }; };
		D6B4667A2368131300B79573 /* Matft.framework in Frameworks */ = {isa = PBXBuildFile; fileRef = D664257F2366DF370025F276 /* Matft.framework */; };
		D6B4667B2368131800B79573 /* Matft.framework in Frameworks */ = {isa = PBXBuildFile; fileRef = D664257F2366DF370025F276 /* Matft.framework */; };
		D6D3F527238E23B5006BD990 /* Matft.swift in Sources */ = {isa = PBXBuildFile; fileRef = D6D3F524238E23B4006BD990 /* Matft.swift */; };
		D6D3F528238E23B5006BD990 /* Common in Resources */ = {isa = PBXBuildFile; fileRef = D6D3F525238E23B4006BD990 /* Common */; };
		D6D3F529238E23B5006BD990 /* mfarray in Resources */ = {isa = PBXBuildFile; fileRef = D6D3F526238E23B5006BD990 /* mfarray */; };
/* End PBXBuildFile section */

/* Begin PBXContainerItemProxy section */
		D664258A2366DF370025F276 /* PBXContainerItemProxy */ = {
			isa = PBXContainerItemProxy;
			containerPortal = D66425762366DF370025F276 /* Project object */;
			proxyType = 1;
			remoteGlobalIDString = D664257E2366DF370025F276;
			remoteInfo = Matft;
		};
/* End PBXContainerItemProxy section */

/* Begin PBXFileReference section */
		D664257F2366DF370025F276 /* Matft.framework */ = {isa = PBXFileReference; explicitFileType = wrapper.framework; includeInIndex = 0; path = Matft.framework; sourceTree = BUILT_PRODUCTS_DIR; };
		D66425822366DF370025F276 /* Matft.h */ = {isa = PBXFileReference; lastKnownFileType = sourcecode.c.h; path = Matft.h; sourceTree = "<group>"; };
		D66425832366DF370025F276 /* Info.plist */ = {isa = PBXFileReference; lastKnownFileType = text.plist.xml; path = Info.plist; sourceTree = "<group>"; };
		D66425882366DF370025F276 /* MatftTests.xctest */ = {isa = PBXFileReference; explicitFileType = wrapper.cfbundle; includeInIndex = 0; path = MatftTests.xctest; sourceTree = BUILT_PRODUCTS_DIR; };
		D664258D2366DF370025F276 /* MatftTests.swift */ = {isa = PBXFileReference; lastKnownFileType = sourcecode.swift; path = MatftTests.swift; sourceTree = "<group>"; };
		D664258F2366DF370025F276 /* Info.plist */ = {isa = PBXFileReference; lastKnownFileType = text.plist.xml; path = Info.plist; sourceTree = "<group>"; };
		D6D3F524238E23B4006BD990 /* Matft.swift */ = {isa = PBXFileReference; fileEncoding = 4; lastKnownFileType = sourcecode.swift; path = Matft.swift; sourceTree = "<group>"; };
		D6D3F525238E23B4006BD990 /* Common */ = {isa = PBXFileReference; lastKnownFileType = folder; path = Common; sourceTree = "<group>"; };
		D6D3F526238E23B5006BD990 /* mfarray */ = {isa = PBXFileReference; lastKnownFileType = folder; path = mfarray; sourceTree = "<group>"; };
/* End PBXFileReference section */

/* Begin PBXFrameworksBuildPhase section */
		D664257C2366DF370025F276 /* Frameworks */ = {
			isa = PBXFrameworksBuildPhase;
			buildActionMask = 2147483647;
			files = (
				D6B4667B2368131800B79573 /* Matft.framework in Frameworks */,
			);
			runOnlyForDeploymentPostprocessing = 0;
		};
		D66425852366DF370025F276 /* Frameworks */ = {
			isa = PBXFrameworksBuildPhase;
			buildActionMask = 2147483647;
			files = (
				D6B4667A2368131300B79573 /* Matft.framework in Frameworks */,
			);
			runOnlyForDeploymentPostprocessing = 0;
		};
/* End PBXFrameworksBuildPhase section */

/* Begin PBXGroup section */
		D66425752366DF370025F276 = {
			isa = PBXGroup;
			children = (
				D66425812366DF370025F276 /* Matft */,
				D664258C2366DF370025F276 /* MatftTests */,
				D66425802366DF370025F276 /* Products */,
			);
			sourceTree = "<group>";
		};
		D66425802366DF370025F276 /* Products */ = {
			isa = PBXGroup;
			children = (
				D664257F2366DF370025F276 /* Matft.framework */,
				D66425882366DF370025F276 /* MatftTests.xctest */,
			);
			name = Products;
			sourceTree = "<group>";
		};
		D66425812366DF370025F276 /* Matft */ = {
			isa = PBXGroup;
			children = (
				D66425822366DF370025F276 /* Matft.h */,
				D66425832366DF370025F276 /* Info.plist */,
				D6D3F524238E23B4006BD990 /* Matft.swift */,
				D6D3F526238E23B5006BD990 /* mfarray */,
				D6D3F525238E23B4006BD990 /* Common */,
			);
			path = Matft;
			sourceTree = "<group>";
		};
		D664258C2366DF370025F276 /* MatftTests */ = {
			isa = PBXGroup;
			children = (
				D664258D2366DF370025F276 /* MatftTests.swift */,
				D664258F2366DF370025F276 /* Info.plist */,
			);
			path = MatftTests;
			sourceTree = "<group>";
		};
/* End PBXGroup section */

/* Begin PBXHeadersBuildPhase section */
		D664257A2366DF370025F276 /* Headers */ = {
			isa = PBXHeadersBuildPhase;
			buildActionMask = 2147483647;
			files = (
				D66425902366DF370025F276 /* Matft.h in Headers */,
			);
			runOnlyForDeploymentPostprocessing = 0;
		};
/* End PBXHeadersBuildPhase section */

/* Begin PBXNativeTarget section */
		D664257E2366DF370025F276 /* Matft */ = {
			isa = PBXNativeTarget;
			buildConfigurationList = D66425932366DF370025F276 /* Build configuration list for PBXNativeTarget "Matft" */;
			buildPhases = (
				D664257A2366DF370025F276 /* Headers */,
				D664257B2366DF370025F276 /* Sources */,
				D664257C2366DF370025F276 /* Frameworks */,
				D664257D2366DF370025F276 /* Resources */,
			);
			buildRules = (
			);
			dependencies = (
			);
			name = Matft;
			productName = Matft;
			productReference = D664257F2366DF370025F276 /* Matft.framework */;
			productType = "com.apple.product-type.framework";
		};
		D66425872366DF370025F276 /* MatftTests */ = {
			isa = PBXNativeTarget;
			buildConfigurationList = D66425962366DF370025F276 /* Build configuration list for PBXNativeTarget "MatftTests" */;
			buildPhases = (
				D66425842366DF370025F276 /* Sources */,
				D66425852366DF370025F276 /* Frameworks */,
				D66425862366DF370025F276 /* Resources */,
			);
			buildRules = (
			);
			dependencies = (
				D664258B2366DF370025F276 /* PBXTargetDependency */,
			);
			name = MatftTests;
			productName = MatftTests;
			productReference = D66425882366DF370025F276 /* MatftTests.xctest */;
			productType = "com.apple.product-type.bundle.unit-test";
		};
/* End PBXNativeTarget section */

/* Begin PBXProject section */
		D66425762366DF370025F276 /* Project object */ = {
			isa = PBXProject;
			attributes = {
				LastSwiftUpdateCheck = 1030;
				LastUpgradeCheck = 1030;
				ORGANIZATIONNAME = jkado;
				TargetAttributes = {
					D664257E2366DF370025F276 = {
						CreatedOnToolsVersion = 10.3;
						LastSwiftMigration = 1030;
					};
					D66425872366DF370025F276 = {
						CreatedOnToolsVersion = 10.3;
					};
					D664259B2366DFBA0025F276 = {
						CreatedOnToolsVersion = 10.3;
					};
				};
			};
			buildConfigurationList = D66425792366DF370025F276 /* Build configuration list for PBXProject "Matft" */;
			compatibilityVersion = "Xcode 9.3";
			developmentRegion = en;
			hasScannedForEncodings = 0;
			knownRegions = (
				en,
			);
			mainGroup = D66425752366DF370025F276;
			productRefGroup = D66425802366DF370025F276 /* Products */;
			projectDirPath = "";
			projectRoot = "";
			targets = (
				D664257E2366DF370025F276 /* Matft */,
				D66425872366DF370025F276 /* MatftTests */,
				D664259B2366DFBA0025F276 /* MatftBinary */,
			);
		};
/* End PBXProject section */

/* Begin PBXResourcesBuildPhase section */
		D664257D2366DF370025F276 /* Resources */ = {
			isa = PBXResourcesBuildPhase;
			buildActionMask = 2147483647;
			files = (
				D6D3F528238E23B5006BD990 /* Common in Resources */,
				D6D3F529238E23B5006BD990 /* mfarray in Resources */,
			);
			runOnlyForDeploymentPostprocessing = 0;
		};
		D66425862366DF370025F276 /* Resources */ = {
			isa = PBXResourcesBuildPhase;
			buildActionMask = 2147483647;
			files = (
			);
			runOnlyForDeploymentPostprocessing = 0;
		};
/* End PBXResourcesBuildPhase section */

/* Begin PBXShellScriptBuildPhase section */
		D664259F2366DFD00025F276 /* ShellScript */ = {
			isa = PBXShellScriptBuildPhase;
			buildActionMask = 2147483647;
			files = (
			);
			inputFileListPaths = (
			);
			inputPaths = (
			);
			outputFileListPaths = (
			);
			outputPaths = (
			);
			runOnlyForDeploymentPostprocessing = 0;
			shellPath = /bin/sh;
			shellScript = "#!/bin/sh\n\nUNIVERSAL_OUTPUTFOLDER=${BUILD_DIR}/${CONFIGURATION}-universal\n\n# make sure the output directory exists\nmkdir -p \"${UNIVERSAL_OUTPUTFOLDER}\"\n\n# Step 1. Build Device and Simulator versions\nxcodebuild -target \"${PROJECT_NAME}\" ONLY_ACTIVE_ARCH=NO -configuration ${CONFIGURATION} -sdk iphoneos  BUILD_DIR=\"${BUILD_DIR}\" BUILD_ROOT=\"${BUILD_ROOT}\" clean build\nxcodebuild -target \"${PROJECT_NAME}\" -configuration ${CONFIGURATION} -sdk iphonesimulator ONLY_ACTIVE_ARCH=NO BUILD_DIR=\"${BUILD_DIR}\" BUILD_ROOT=\"${BUILD_ROOT}\" clean build\n\n# Step 2. Copy the framework structure (from iphoneos build) to the universal folder\ncp -R \"${BUILD_DIR}/${CONFIGURATION}-iphoneos/${PROJECT_NAME}.framework\" \"${UNIVERSAL_OUTPUTFOLDER}/\"\n\n# Step 3. Copy Swift modules from iphonesimulator build (if it exists) to the copied framework directory\nSIMULATOR_SWIFT_MODULES_DIR=\"${BUILD_DIR}/${CONFIGURATION}-iphonesimulator/${PROJECT_NAME}.framework/Modules/${PROJECT_NAME}.swiftmodule/.\"\nif [ -d \"${SIMULATOR_SWIFT_MODULES_DIR}\" ]; then\ncp -R \"${SIMULATOR_SWIFT_MODULES_DIR}\" \"${UNIVERSAL_OUTPUTFOLDER}/${PROJECT_NAME}.framework/Modules/${PROJECT_NAME}.swiftmodule\"\nfi\n\n# Step 4. Create universal binary file using lipo and place the combined executable in the copied framework directory\nlipo -create -output \"${UNIVERSAL_OUTPUTFOLDER}/${PROJECT_NAME}.framework/${PROJECT_NAME}\" \"${BUILD_DIR}/${CONFIGURATION}-iphonesimulator/${PROJECT_NAME}.framework/${PROJECT_NAME}\" \"${BUILD_DIR}/${CONFIGURATION}-iphoneos/${PROJECT_NAME}.framework/${PROJECT_NAME}\"\n\n# Step 5. Convenience step to copy the framework to the project's directory\ncp -R \"${UNIVERSAL_OUTPUTFOLDER}/${PROJECT_NAME}.framework\" \"${PROJECT_DIR}\"\n\n# Step 6. Convenience step to open the project's directory in Finder\nopen \"${PROJECT_DIR}\"\n";
		};
		D66425A02366DFFA0025F276 /* ShellScript */ = {
			isa = PBXShellScriptBuildPhase;
			buildActionMask = 2147483647;
			files = (
			);
			inputFileListPaths = (
			);
			inputPaths = (
			);
			outputFileListPaths = (
			);
			outputPaths = (
			);
			runOnlyForDeploymentPostprocessing = 0;
			shellPath = /bin/sh;
			shellScript = "#!/bin/sh\nlipo -info \"${PROJECT_DIR}/${PROJECT_NAME}.framework/${PROJECT_NAME}\"\n";
		};
/* End PBXShellScriptBuildPhase section */

/* Begin PBXSourcesBuildPhase section */
		D664257B2366DF370025F276 /* Sources */ = {
			isa = PBXSourcesBuildPhase;
			buildActionMask = 2147483647;
			files = (
				D6D3F527238E23B5006BD990 /* Matft.swift in Sources */,
			);
			runOnlyForDeploymentPostprocessing = 0;
		};
		D66425842366DF370025F276 /* Sources */ = {
			isa = PBXSourcesBuildPhase;
			buildActionMask = 2147483647;
			files = (
				D664258E2366DF370025F276 /* MatftTests.swift in Sources */,
			);
			runOnlyForDeploymentPostprocessing = 0;
		};
/* End PBXSourcesBuildPhase section */

/* Begin PBXTargetDependency section */
		D664258B2366DF370025F276 /* PBXTargetDependency */ = {
			isa = PBXTargetDependency;
			target = D664257E2366DF370025F276 /* Matft */;
			targetProxy = D664258A2366DF370025F276 /* PBXContainerItemProxy */;
		};
/* End PBXTargetDependency section */

/* Begin XCBuildConfiguration section */
		D66425912366DF370025F276 /* Debug */ = {
			isa = XCBuildConfiguration;
			buildSettings = {
				ALWAYS_EMBED_SWIFT_STANDARD_LIBRARIES = YES;
				ALWAYS_SEARCH_USER_PATHS = NO;
				CLANG_ANALYZER_NONNULL = YES;
				CLANG_ANALYZER_NUMBER_OBJECT_CONVERSION = YES_AGGRESSIVE;
				CLANG_CXX_LANGUAGE_STANDARD = "gnu++14";
				CLANG_CXX_LIBRARY = "libc++";
				CLANG_ENABLE_MODULES = YES;
				CLANG_ENABLE_OBJC_ARC = YES;
				CLANG_ENABLE_OBJC_WEAK = YES;
				CLANG_WARN_BLOCK_CAPTURE_AUTORELEASING = YES;
				CLANG_WARN_BOOL_CONVERSION = YES;
				CLANG_WARN_COMMA = YES;
				CLANG_WARN_CONSTANT_CONVERSION = YES;
				CLANG_WARN_DEPRECATED_OBJC_IMPLEMENTATIONS = YES;
				CLANG_WARN_DIRECT_OBJC_ISA_USAGE = YES_ERROR;
				CLANG_WARN_DOCUMENTATION_COMMENTS = YES;
				CLANG_WARN_EMPTY_BODY = YES;
				CLANG_WARN_ENUM_CONVERSION = YES;
				CLANG_WARN_INFINITE_RECURSION = YES;
				CLANG_WARN_INT_CONVERSION = YES;
				CLANG_WARN_NON_LITERAL_NULL_CONVERSION = YES;
				CLANG_WARN_OBJC_IMPLICIT_RETAIN_SELF = YES;
				CLANG_WARN_OBJC_LITERAL_CONVERSION = YES;
				CLANG_WARN_OBJC_ROOT_CLASS = YES_ERROR;
				CLANG_WARN_RANGE_LOOP_ANALYSIS = YES;
				CLANG_WARN_STRICT_PROTOTYPES = YES;
				CLANG_WARN_SUSPICIOUS_MOVE = YES;
				CLANG_WARN_UNGUARDED_AVAILABILITY = YES_AGGRESSIVE;
				CLANG_WARN_UNREACHABLE_CODE = YES;
				CLANG_WARN__DUPLICATE_METHOD_MATCH = YES;
				CODE_SIGN_IDENTITY = "iPhone Developer";
				COPY_PHASE_STRIP = NO;
				CURRENT_PROJECT_VERSION = 1;
				DEBUG_INFORMATION_FORMAT = dwarf;
				ENABLE_STRICT_OBJC_MSGSEND = YES;
				ENABLE_TESTABILITY = YES;
				GCC_C_LANGUAGE_STANDARD = gnu11;
				GCC_DYNAMIC_NO_PIC = NO;
				GCC_NO_COMMON_BLOCKS = YES;
				GCC_OPTIMIZATION_LEVEL = 0;
				GCC_PREPROCESSOR_DEFINITIONS = (
					"DEBUG=1",
					"$(inherited)",
				);
				GCC_WARN_64_TO_32_BIT_CONVERSION = YES;
				GCC_WARN_ABOUT_RETURN_TYPE = YES_ERROR;
				GCC_WARN_UNDECLARED_SELECTOR = YES;
				GCC_WARN_UNINITIALIZED_AUTOS = YES_AGGRESSIVE;
				GCC_WARN_UNUSED_FUNCTION = YES;
				GCC_WARN_UNUSED_VARIABLE = YES;
				IPHONEOS_DEPLOYMENT_TARGET = 12.4;
				MTL_ENABLE_DEBUG_INFO = INCLUDE_SOURCE;
				MTL_FAST_MATH = YES;
				ONLY_ACTIVE_ARCH = NO;
				SDKROOT = iphoneos;
				SWIFT_ACTIVE_COMPILATION_CONDITIONS = DEBUG;
				SWIFT_OPTIMIZATION_LEVEL = "-Onone";
				VALID_ARCHS = "arm64 arm64e armv7 armv7s arm64 i386 x86_64";
				VERSIONING_SYSTEM = "apple-generic";
				VERSION_INFO_PREFIX = "";
			};
			name = Debug;
		};
		D66425922366DF370025F276 /* Release */ = {
			isa = XCBuildConfiguration;
			buildSettings = {
				ALWAYS_EMBED_SWIFT_STANDARD_LIBRARIES = YES;
				ALWAYS_SEARCH_USER_PATHS = NO;
				CLANG_ANALYZER_NONNULL = YES;
				CLANG_ANALYZER_NUMBER_OBJECT_CONVERSION = YES_AGGRESSIVE;
				CLANG_CXX_LANGUAGE_STANDARD = "gnu++14";
				CLANG_CXX_LIBRARY = "libc++";
				CLANG_ENABLE_MODULES = YES;
				CLANG_ENABLE_OBJC_ARC = YES;
				CLANG_ENABLE_OBJC_WEAK = YES;
				CLANG_WARN_BLOCK_CAPTURE_AUTORELEASING = YES;
				CLANG_WARN_BOOL_CONVERSION = YES;
				CLANG_WARN_COMMA = YES;
				CLANG_WARN_CONSTANT_CONVERSION = YES;
				CLANG_WARN_DEPRECATED_OBJC_IMPLEMENTATIONS = YES;
				CLANG_WARN_DIRECT_OBJC_ISA_USAGE = YES_ERROR;
				CLANG_WARN_DOCUMENTATION_COMMENTS = YES;
				CLANG_WARN_EMPTY_BODY = YES;
				CLANG_WARN_ENUM_CONVERSION = YES;
				CLANG_WARN_INFINITE_RECURSION = YES;
				CLANG_WARN_INT_CONVERSION = YES;
				CLANG_WARN_NON_LITERAL_NULL_CONVERSION = YES;
				CLANG_WARN_OBJC_IMPLICIT_RETAIN_SELF = YES;
				CLANG_WARN_OBJC_LITERAL_CONVERSION = YES;
				CLANG_WARN_OBJC_ROOT_CLASS = YES_ERROR;
				CLANG_WARN_RANGE_LOOP_ANALYSIS = YES;
				CLANG_WARN_STRICT_PROTOTYPES = YES;
				CLANG_WARN_SUSPICIOUS_MOVE = YES;
				CLANG_WARN_UNGUARDED_AVAILABILITY = YES_AGGRESSIVE;
				CLANG_WARN_UNREACHABLE_CODE = YES;
				CLANG_WARN__DUPLICATE_METHOD_MATCH = YES;
				CODE_SIGN_IDENTITY = "iPhone Developer";
				COPY_PHASE_STRIP = NO;
				CURRENT_PROJECT_VERSION = 1;
				DEBUG_INFORMATION_FORMAT = "dwarf-with-dsym";
				ENABLE_NS_ASSERTIONS = NO;
				ENABLE_STRICT_OBJC_MSGSEND = YES;
				GCC_C_LANGUAGE_STANDARD = gnu11;
				GCC_NO_COMMON_BLOCKS = YES;
				GCC_WARN_64_TO_32_BIT_CONVERSION = YES;
				GCC_WARN_ABOUT_RETURN_TYPE = YES_ERROR;
				GCC_WARN_UNDECLARED_SELECTOR = YES;
				GCC_WARN_UNINITIALIZED_AUTOS = YES_AGGRESSIVE;
				GCC_WARN_UNUSED_FUNCTION = YES;
				GCC_WARN_UNUSED_VARIABLE = YES;
				IPHONEOS_DEPLOYMENT_TARGET = 12.4;
				MTL_ENABLE_DEBUG_INFO = NO;
				MTL_FAST_MATH = YES;
				ONLY_ACTIVE_ARCH = NO;
				SDKROOT = iphoneos;
				SWIFT_COMPILATION_MODE = wholemodule;
				SWIFT_OPTIMIZATION_LEVEL = "-O";
				VALIDATE_PRODUCT = YES;
				VALID_ARCHS = "arm64 arm64e armv7 armv7s arm64 i386 x86_64";
				VERSIONING_SYSTEM = "apple-generic";
				VERSION_INFO_PREFIX = "";
			};
			name = Release;
		};
		D66425942366DF370025F276 /* Debug */ = {
			isa = XCBuildConfiguration;
			buildSettings = {
				CLANG_ENABLE_MODULES = YES;
				CODE_SIGN_IDENTITY = "";
				CODE_SIGN_STYLE = Automatic;
				DEFINES_MODULE = YES;
				DEVELOPMENT_TEAM = WL6N7MD8S7;
				DYLIB_COMPATIBILITY_VERSION = 1;
				DYLIB_CURRENT_VERSION = 1;
				DYLIB_INSTALL_NAME_BASE = "@rpath";
				INFOPLIST_FILE = Matft/Info.plist;
				INSTALL_PATH = "$(LOCAL_LIBRARY_DIR)/Frameworks";
				LD_RUNPATH_SEARCH_PATHS = (
					"$(inherited)",
					"@executable_path/Frameworks",
					"@loader_path/Frameworks",
				);
				ONLY_ACTIVE_ARCH = NO;
				PRODUCT_BUNDLE_IDENTIFIER = com.jkado.Matft;
				PRODUCT_NAME = "$(TARGET_NAME:c99extidentifier)";
				SKIP_INSTALL = YES;
				SWIFT_OPTIMIZATION_LEVEL = "-Onone";
				SWIFT_VERSION = 5.0;
				TARGETED_DEVICE_FAMILY = "1,2";
				VALID_ARCHS = "arm64 arm64e armv7 armv7s i386 x86_64";
			};
			name = Debug;
		};
		D66425952366DF370025F276 /* Release */ = {
			isa = XCBuildConfiguration;
			buildSettings = {
				CLANG_ENABLE_MODULES = YES;
				CODE_SIGN_IDENTITY = "";
				CODE_SIGN_STYLE = Automatic;
				DEFINES_MODULE = YES;
				DEVELOPMENT_TEAM = WL6N7MD8S7;
				DYLIB_COMPATIBILITY_VERSION = 1;
				DYLIB_CURRENT_VERSION = 1;
				DYLIB_INSTALL_NAME_BASE = "@rpath";
				INFOPLIST_FILE = Matft/Info.plist;
				INSTALL_PATH = "$(LOCAL_LIBRARY_DIR)/Frameworks";
				LD_RUNPATH_SEARCH_PATHS = (
					"$(inherited)",
					"@executable_path/Frameworks",
					"@loader_path/Frameworks",
				);
				ONLY_ACTIVE_ARCH = NO;
				PRODUCT_BUNDLE_IDENTIFIER = com.jkado.Matft;
				PRODUCT_NAME = "$(TARGET_NAME:c99extidentifier)";
				SKIP_INSTALL = YES;
				SWIFT_VERSION = 5.0;
				TARGETED_DEVICE_FAMILY = "1,2";
				VALID_ARCHS = "arm64 arm64e armv7 armv7s i386 x86_64";
			};
			name = Release;
		};
		D66425972366DF370025F276 /* Debug */ = {
			isa = XCBuildConfiguration;
			buildSettings = {
				ALWAYS_EMBED_SWIFT_STANDARD_LIBRARIES = YES;
				CODE_SIGN_STYLE = Automatic;
				DEVELOPMENT_TEAM = WL6N7MD8S7;
				INFOPLIST_FILE = MatftTests/Info.plist;
				LD_RUNPATH_SEARCH_PATHS = (
					"$(inherited)",
					"@executable_path/Frameworks",
					"@loader_path/Frameworks",
				);
				PRODUCT_BUNDLE_IDENTIFIER = com.jkado.MatftTests;
				PRODUCT_NAME = "$(TARGET_NAME)";
				SWIFT_VERSION = 5.0;
				TARGETED_DEVICE_FAMILY = "1,2";
			};
			name = Debug;
		};
		D66425982366DF370025F276 /* Release */ = {
			isa = XCBuildConfiguration;
			buildSettings = {
				ALWAYS_EMBED_SWIFT_STANDARD_LIBRARIES = YES;
				CODE_SIGN_STYLE = Automatic;
				DEVELOPMENT_TEAM = WL6N7MD8S7;
				INFOPLIST_FILE = MatftTests/Info.plist;
				LD_RUNPATH_SEARCH_PATHS = (
					"$(inherited)",
					"@executable_path/Frameworks",
					"@loader_path/Frameworks",
				);
				PRODUCT_BUNDLE_IDENTIFIER = com.jkado.MatftTests;
				PRODUCT_NAME = "$(TARGET_NAME)";
				SWIFT_VERSION = 5.0;
				TARGETED_DEVICE_FAMILY = "1,2";
			};
			name = Release;
		};
		D664259D2366DFBA0025F276 /* Debug */ = {
			isa = XCBuildConfiguration;
			buildSettings = {
				CODE_SIGN_STYLE = Automatic;
				DEVELOPMENT_TEAM = WL6N7MD8S7;
				PRODUCT_NAME = "$(TARGET_NAME)";
			};
			name = Debug;
		};
		D664259E2366DFBA0025F276 /* Release */ = {
			isa = XCBuildConfiguration;
			buildSettings = {
				CODE_SIGN_STYLE = Automatic;
				DEVELOPMENT_TEAM = WL6N7MD8S7;
				PRODUCT_NAME = "$(TARGET_NAME)";
			};
			name = Release;
		};
/* End XCBuildConfiguration section */

/* Begin XCConfigurationList section */
		D66425792366DF370025F276 /* Build configuration list for PBXProject "Matft" */ = {
			isa = XCConfigurationList;
			buildConfigurations = (
				D66425912366DF370025F276 /* Debug */,
				D66425922366DF370025F276 /* Release */,
			);
			defaultConfigurationIsVisible = 0;
			defaultConfigurationName = Release;
		};
		D66425932366DF370025F276 /* Build configuration list for PBXNativeTarget "Matft" */ = {
			isa = XCConfigurationList;
			buildConfigurations = (
				D66425942366DF370025F276 /* Debug */,
				D66425952366DF370025F276 /* Release */,
			);
			defaultConfigurationIsVisible = 0;
			defaultConfigurationName = Release;
		};
		D66425962366DF370025F276 /* Build configuration list for PBXNativeTarget "MatftTests" */ = {
			isa = XCConfigurationList;
			buildConfigurations = (
				D66425972366DF370025F276 /* Debug */,
				D66425982366DF370025F276 /* Release */,
			);
			defaultConfigurationIsVisible = 0;
			defaultConfigurationName = Release;
		};
		D664259C2366DFBA0025F276 /* Build configuration list for PBXAggregateTarget "MatftBinary" */ = {
			isa = XCConfigurationList;
			buildConfigurations = (
				D664259D2366DFBA0025F276 /* Debug */,
				D664259E2366DFBA0025F276 /* Release */,
			);
			defaultConfigurationIsVisible = 0;
			defaultConfigurationName = Release;
		};
/* End XCConfigurationList section */
	};
	rootObject = D66425762366DF370025F276 /* Project object */;
}
