{
  "object": {
    "pins": [
      {
        "package": "Matft",
        "repositoryURL": "https://github.com/jjjkkkjjj/Matft",
        "state": {
          "branch": "master",
          "revision": "3fa2b839999b14137451fc76034209acccd3e531",
          "version": null
        }
      },
      {
        "package": "swift-collections",
        "repositoryURL": "https://github.com/apple/swift-collections",
        "state": {
          "branch": null,
          "revision": "9d8719c8bebdc79740b6969c912ac706eb721d7a",
          "version": "0.0.7"
        }
      }
    ]
  },
  "version": 1
}
