{
  "object": {
    "pins": [
      {
        "package": "Matft",
        "repositoryURL": "https://github.com/jjjkkkjjj/Matft",
        "state": {
          "branch": "image",
          "revision": "f270fd42fe6d5fd4eb11decee84e5c5de2f46cc6",
          "version": null
        }
      },
      {
        "package": "swift-collections",
        "repositoryURL": "https://github.com/apple/swift-collections",
        "state": {
          "branch": null,
          "revision": "9d8719c8bebdc79740b6969c912ac706eb721d7a",
          "version": "0.0.7"
        }
      }
    ]
  },
  "version": 1
}
